
Microsoft Visual Studio Solution File, Format Version 12.00
# Visual Studio 2013
VisualStudioVersion = 12.0.21005.1
MinimumVisualStudioVersion = 10.0.40219.1
Project("{2150E333-8FDC-42A3-9474-1A3956D46DE8}") = ".nuget", ".nuget", "{A449D619-5AB5-4ADB-98D5-3D17919ECC4A}"
	ProjectSection(SolutionItems) = preProject
		.nuget\NuGet.Config = .nuget\NuGet.Config
		.nuget\NuGet.exe = .nuget\NuGet.exe
		.nuget\NuGet.targets = .nuget\NuGet.targets
	EndProjectSection
EndProject
Project("{FAE04EC0-301F-11D3-BF4B-00C04F79EFBC}") = "Icy.JobProcessor", "Icy.JobProcessor\Icy.JobProcessor.csproj", "{3D709D27-39A5-4A53-BF01-884555E7376A}"
EndProject
Project("{FAE04EC0-301F-11D3-BF4B-00C04F79EFBC}") = "Icy.Core", "Icy.Core\Icy.Core.csproj", "{FDBDE00B-F7D5-452C-A39E-F3F2D907EE19}"
EndProject
Project("{FAE04EC0-301F-11D3-BF4B-00C04F79EFBC}") = "TestClient", "TestClient\TestClient.csproj", "{06A1B49E-50F4-4EF7-A452-64D7D996CB3D}"
EndProject
Project("{FAE04EC0-301F-11D3-BF4B-00C04F79EFBC}") = "Icy.ProcessServer", "Icy.ProcessServer\Icy.ProcessServer.csproj", "{B49EBBAC-98BC-481D-BAD5-3F4D3D6B35EB}"
EndProject
Global
	GlobalSection(SolutionConfigurationPlatforms) = preSolution
		Debug|Any CPU = Debug|Any CPU
		Release|Any CPU = Release|Any CPU
	EndGlobalSection
	GlobalSection(ProjectConfigurationPlatforms) = postSolution
		{3D709D27-39A5-4A53-BF01-884555E7376A}.Debug|Any CPU.ActiveCfg = Debug|Any CPU
		{3D709D27-39A5-4A53-BF01-884555E7376A}.Debug|Any CPU.Build.0 = Debug|Any CPU
		{3D709D27-39A5-4A53-BF01-884555E7376A}.Release|Any CPU.ActiveCfg = Release|Any CPU
		{3D709D27-39A5-4A53-BF01-884555E7376A}.Release|Any CPU.Build.0 = Release|Any CPU
		{FDBDE00B-F7D5-452C-A39E-F3F2D907EE19}.Debug|Any CPU.ActiveCfg = Debug|Any CPU
		{FDBDE00B-F7D5-452C-A39E-F3F2D907EE19}.Debug|Any CPU.Build.0 = Debug|Any CPU
		{FDBDE00B-F7D5-452C-A39E-F3F2D907EE19}.Release|Any CPU.ActiveCfg = Release|Any CPU
		{FDBDE00B-F7D5-452C-A39E-F3F2D907EE19}.Release|Any CPU.Build.0 = Release|Any CPU
		{06A1B49E-50F4-4EF7-A452-64D7D996CB3D}.Debug|Any CPU.ActiveCfg = Debug|Any CPU
		{06A1B49E-50F4-4EF7-A452-64D7D996CB3D}.Debug|Any CPU.Build.0 = Debug|Any CPU
		{06A1B49E-50F4-4EF7-A452-64D7D996CB3D}.Release|Any CPU.ActiveCfg = Release|Any CPU
		{06A1B49E-50F4-4EF7-A452-64D7D996CB3D}.Release|Any CPU.Build.0 = Release|Any CPU
		{B49EBBAC-98BC-481D-BAD5-3F4D3D6B35EB}.Debug|Any CPU.ActiveCfg = Debug|Any CPU
		{B49EBBAC-98BC-481D-BAD5-3F4D3D6B35EB}.Debug|Any CPU.Build.0 = Debug|Any CPU
		{B49EBBAC-98BC-481D-BAD5-3F4D3D6B35EB}.Release|Any CPU.ActiveCfg = Release|Any CPU
		{B49EBBAC-98BC-481D-BAD5-3F4D3D6B35EB}.Release|Any CPU.Build.0 = Release|Any CPU
	EndGlobalSection
	GlobalSection(SolutionProperties) = preSolution
		HideSolutionNode = FALSE
	EndGlobalSection
EndGlobal
